{
  "requires": true,
  "lockfileVersion": 1,
  "dependencies": {
    "@flatten-js/core": {
      "version": "1.3.4",
      "resolved": "https://registry.npmjs.org/@flatten-js/core/-/core-1.3.4.tgz",
      "integrity": "sha512-VP8VYWMJPZDgNze83iS//sHHkQREtgtZ9VLn9SNX99FN49AIP/QhSeqkpW0/VPyFrUbrmkw8VumYkT09BH5bYg==",
      "requires": {
        "@flatten-js/interval-tree": "^1.0.15"
      }
    },
    "@flatten-js/interval-tree": {
      "version": "1.0.17",
      "resolved": "https://registry.npmjs.org/@flatten-js/interval-tree/-/interval-tree-1.0.17.tgz",
      "integrity": "sha512-pIv/b+K2Iwo+GxvEtaBKjXOi97gMmxFhd+8+9ZXMaOf9nfoY1OdHebO65EwnKt8SOVHPxiOkBdZMu+/4nq8T2g=="
    }
  }
}
